
Microsoft Visual Studio Solution File, Format Version 12.00
# Visual Studio Version 17
VisualStudioVersion = 17.5.33424.131
MinimumVisualStudioVersion = 10.0.40219.1
Project("{9A19103F-16F7-4668-BE54-9A1E7A4F7556}") = "GPCChecker.Concrete", "GPCChecker.Concrete\GPCChecker.Concrete.csproj", "{BD7C1D49-F230-4290-9A04-A4CDFB537BCD}"
EndProject
Project("{9A19103F-16F7-4668-BE54-9A1E7A4F7556}") = "GPCChecker.Steel", "GPCChecker.Steel\GPCChecker.Steel.csproj", "{EDFF3D15-BBE0-4791-A528-D3D285C0F6DE}"
EndProject
Project("{9A19103F-16F7-4668-BE54-9A1E7A4F7556}") = "GPCChecker.Glass", "GPCChecker.Glass\GPCChecker.Glass.csproj", "{991FF6E5-69FC-4079-A78F-3CAB2C9E0CEA}"
EndProject
Project("{FAE04EC0-301F-11D3-BF4B-00C04F79EFBC}") = "GPCChecker.Test.Concrete", "GPCChecker.Test.Concrete\GPCChecker.Test.Concrete.csproj", "{DE309B08-CBBD-441C-B15D-BD6FC0D8D831}"
EndProject
Project("{FAE04EC0-301F-11D3-BF4B-00C04F79EFBC}") = "GPCChecker.Test.Glass", "GPCChecker.Test.Glass\GPCChecker.Test.Glass.csproj", "{37CB9BD4-E771-4A77-B396-ED30BC113704}"
EndProject
Project("{FAE04EC0-301F-11D3-BF4B-00C04F79EFBC}") = "GPCChecker.Test.Steel", "GPCChecker.Test.Steel\GPCChecker.Test.Steel.csproj", "{51D5ABED-1F21-4CCD-BF6A-B79C715F2A62}"
EndProject
Project("{9A19103F-16F7-4668-BE54-9A1E7A4F7556}") = "GPCChecker.GlassV2", "Glass\GPCChecker.GlassV2.csproj", "{44F7BBE4-A6E5-4DBA-89CB-7FBEA8ABCAEF}"
EndProject
Global
	GlobalSection(SolutionConfigurationPlatforms) = preSolution
		Debug|Any CPU = Debug|Any CPU
		DebugLocalLibs|Any CPU = DebugLocalLibs|Any CPU
		Release|Any CPU = Release|Any CPU
	EndGlobalSection
	GlobalSection(ProjectConfigurationPlatforms) = postSolution
		{BD7C1D49-F230-4290-9A04-A4CDFB537BCD}.Debug|Any CPU.ActiveCfg = Debug|Any CPU
		{BD7C1D49-F230-4290-9A04-A4CDFB537BCD}.Debug|Any CPU.Build.0 = Debug|Any CPU
		{BD7C1D49-F230-4290-9A04-A4CDFB537BCD}.DebugLocalLibs|Any CPU.ActiveCfg = DebugLocalLibs|Any CPU
		{BD7C1D49-F230-4290-9A04-A4CDFB537BCD}.DebugLocalLibs|Any CPU.Build.0 = DebugLocalLibs|Any CPU
		{BD7C1D49-F230-4290-9A04-A4CDFB537BCD}.Release|Any CPU.ActiveCfg = Release|Any CPU
		{BD7C1D49-F230-4290-9A04-A4CDFB537BCD}.Release|Any CPU.Build.0 = Release|Any CPU
		{EDFF3D15-BBE0-4791-A528-D3D285C0F6DE}.Debug|Any CPU.ActiveCfg = Debug|Any CPU
		{EDFF3D15-BBE0-4791-A528-D3D285C0F6DE}.Debug|Any CPU.Build.0 = Debug|Any CPU
		{EDFF3D15-BBE0-4791-A528-D3D285C0F6DE}.DebugLocalLibs|Any CPU.ActiveCfg = DebugLocalLibs|Any CPU
		{EDFF3D15-BBE0-4791-A528-D3D285C0F6DE}.DebugLocalLibs|Any CPU.Build.0 = DebugLocalLibs|Any CPU
		{EDFF3D15-BBE0-4791-A528-D3D285C0F6DE}.Release|Any CPU.ActiveCfg = Release|Any CPU
		{EDFF3D15-BBE0-4791-A528-D3D285C0F6DE}.Release|Any CPU.Build.0 = Release|Any CPU
		{991FF6E5-69FC-4079-A78F-3CAB2C9E0CEA}.Debug|Any CPU.ActiveCfg = Debug|Any CPU
		{991FF6E5-69FC-4079-A78F-3CAB2C9E0CEA}.DebugLocalLibs|Any CPU.ActiveCfg = DebugLocalLibs|Any CPU
		{991FF6E5-69FC-4079-A78F-3CAB2C9E0CEA}.Release|Any CPU.ActiveCfg = Release|Any CPU
		{DE309B08-CBBD-441C-B15D-BD6FC0D8D831}.Debug|Any CPU.ActiveCfg = Debug|Any CPU
		{DE309B08-CBBD-441C-B15D-BD6FC0D8D831}.Debug|Any CPU.Build.0 = Debug|Any CPU
		{DE309B08-CBBD-441C-B15D-BD6FC0D8D831}.DebugLocalLibs|Any CPU.ActiveCfg = DebugLocalLibs|Any CPU
		{DE309B08-CBBD-441C-B15D-BD6FC0D8D831}.DebugLocalLibs|Any CPU.Build.0 = DebugLocalLibs|Any CPU
		{DE309B08-CBBD-441C-B15D-BD6FC0D8D831}.Release|Any CPU.ActiveCfg = Release|Any CPU
		{DE309B08-CBBD-441C-B15D-BD6FC0D8D831}.Release|Any CPU.Build.0 = Release|Any CPU
		{37CB9BD4-E771-4A77-B396-ED30BC113704}.Debug|Any CPU.ActiveCfg = Debug|Any CPU
		{37CB9BD4-E771-4A77-B396-ED30BC113704}.DebugLocalLibs|Any CPU.ActiveCfg = DebugLocalLibs|Any CPU
		{37CB9BD4-E771-4A77-B396-ED30BC113704}.Release|Any CPU.ActiveCfg = Release|Any CPU
		{51D5ABED-1F21-4CCD-BF6A-B79C715F2A62}.Debug|Any CPU.ActiveCfg = Debug|Any CPU
		{51D5ABED-1F21-4CCD-BF6A-B79C715F2A62}.Debug|Any CPU.Build.0 = Debug|Any CPU
		{51D5ABED-1F21-4CCD-BF6A-B79C715F2A62}.DebugLocalLibs|Any CPU.ActiveCfg = DebugLocalLibs|Any CPU
		{51D5ABED-1F21-4CCD-BF6A-B79C715F2A62}.DebugLocalLibs|Any CPU.Build.0 = DebugLocalLibs|Any CPU
		{51D5ABED-1F21-4CCD-BF6A-B79C715F2A62}.Release|Any CPU.ActiveCfg = Release|Any CPU
		{51D5ABED-1F21-4CCD-BF6A-B79C715F2A62}.Release|Any CPU.Build.0 = Release|Any CPU
		{44F7BBE4-A6E5-4DBA-89CB-7FBEA8ABCAEF}.Debug|Any CPU.ActiveCfg = Debug|Any CPU
		{44F7BBE4-A6E5-4DBA-89CB-7FBEA8ABCAEF}.DebugLocalLibs|Any CPU.ActiveCfg = DebugLocalLibs|Any CPU
		{44F7BBE4-A6E5-4DBA-89CB-7FBEA8ABCAEF}.Release|Any CPU.ActiveCfg = Release|Any CPU
	EndGlobalSection
	GlobalSection(SolutionProperties) = preSolution
		HideSolutionNode = FALSE
	EndGlobalSection
	GlobalSection(ExtensibilityGlobals) = postSolution
		SolutionGuid = {28C730FB-5150-4663-BB91-8F54A6BB58F8}
	EndGlobalSection
EndGlobal
